{
    "_readme": [
        "This file locks the dependencies of your project to a known state",
        "Read more about it at https://getcomposer.org/doc/01-basic-usage.md#composer-lock-the-lock-file",
        "This file is @generated automatically"
    ],
    "hash": "2f977fdfa76baf7a7c9bc604a045a147",
    "content-hash": "34e3b52442f0263c7cbbdf9606ab1465",
    "packages": [
        {
            "name": "bramus/ansi-php",
            "version": "3.0.1",
            "source": {
                "type": "git",
                "url": "https://github.com/bramus/ansi-php.git",
                "reference": "c0dcf9a949e1c6111bbbb52a8ead34776064b209"
            },
            "dist": {
                "type": "zip",
                "url": "https://api.github.com/repos/bramus/ansi-php/zipball/c0dcf9a949e1c6111bbbb52a8ead34776064b209",
                "reference": "c0dcf9a949e1c6111bbbb52a8ead34776064b209",
                "shasum": ""
            },
            "require": {
                "php": ">=5.4.0"
            },
            "require-dev": {
                "phpunit/phpunit": "~4.0"
            },
            "type": "library",
            "autoload": {
                "psr-4": {
                    "Bramus\\Ansi\\": "src/"
                }
            },
            "notification-url": "https://packagist.org/downloads/",
            "license": [
                "MIT"
            ],
            "authors": [
                {
                    "name": "Bramus Van Damme",
                    "email": "bramus@bram.us",
                    "homepage": "https://www.bram.us/"
                }
            ],
            "description": "ANSI Control Functions and ANSI Control Sequences (Colors, Erasing, etc.) for PHP CLI Apps",
            "time": "2015-01-08 15:02:37"
        },
        {
            "name": "bramus/monolog-colored-line-formatter",
            "version": "2.0.3",
            "source": {
                "type": "git",
                "url": "https://github.com/bramus/monolog-colored-line-formatter.git",
                "reference": "6bff15eee00afe2690642535b0f1541f10852c2b"
            },
            "dist": {
                "type": "zip",
                "url": "https://api.github.com/repos/bramus/monolog-colored-line-formatter/zipball/6bff15eee00afe2690642535b0f1541f10852c2b",
                "reference": "6bff15eee00afe2690642535b0f1541f10852c2b",
                "shasum": ""
            },
            "require": {
                "bramus/ansi-php": "~3.0",
                "php": ">=5.4.0"
            },
            "require-dev": {
                "monolog/monolog": "~1.0",
                "phpunit/phpunit": "~4.0"
            },
            "type": "library",
            "autoload": {
                "psr-4": {
                    "Bramus\\Monolog\\": "src/"
                }
            },
            "notification-url": "https://packagist.org/downloads/",
            "license": [
                "MIT"
            ],
            "authors": [
                {
                    "name": "Bramus Van Damme",
                    "email": "bramus@bram.us",
                    "homepage": "https://www.bram.us/"
                }
            ],
            "description": "Colored Line Formatter for Monolog",
            "time": "2015-01-07 22:12:35"
        },
        {
            "name": "facebook/php-ads-sdk",
            "version": "2.5.1",
            "source": {
                "type": "git",
                "url": "https://github.com/facebook/facebook-php-ads-sdk.git",
                "reference": "7244dde132061c12bf4b6e9040ba2dd347c1ca52"
            },
            "dist": {
                "type": "zip",
                "url": "https://api.github.com/repos/facebook/facebook-php-ads-sdk/zipball/7244dde132061c12bf4b6e9040ba2dd347c1ca52",
                "reference": "7244dde132061c12bf4b6e9040ba2dd347c1ca52",
                "shasum": ""
            },
            "require-dev": {
                "phpunit/phpunit": ">=4.0.0",
                "symfony/finder": "~2.6"
            },
            "type": "library",
            "autoload": {
                "psr-4": {
                    "FacebookAds\\": "src/FacebookAds/"
                }
            },
            "notification-url": "https://packagist.org/downloads/",
            "license": [
                "Facebook Platform"
            ],
            "description": "PHP SDK for Facebook ads",
            "homepage": "https://developers.facebook.com/",
            "keywords": [
                "ads",
                "facebook",
                "sdk"
            ],
            "time": "2015-11-06 14:54:44"
        },
        {
            "name": "facebook/php-sdk-v4",
            "version": "5.1.2",
            "source": {
                "type": "git",
                "url": "https://github.com/facebook/facebook-php-sdk-v4.git",
                "reference": "2c42fb3002953355f12d3c6e8003a9fd5af563d9"
            },
            "dist": {
                "type": "zip",
                "url": "https://api.github.com/repos/facebook/facebook-php-sdk-v4/zipball/2c42fb3002953355f12d3c6e8003a9fd5af563d9",
                "reference": "2c42fb3002953355f12d3c6e8003a9fd5af563d9",
                "shasum": ""
            },
            "require": {
                "ext-mbstring": "*",
                "php": ">=5.4.0"
            },
            "require-dev": {
                "guzzlehttp/guzzle": "~5.0",
                "mockery/mockery": "~0.8",
                "phpunit/phpunit": "~4.0"
            },
            "suggest": {
                "guzzlehttp/guzzle": "Allows for implementation of the Guzzle HTTP client"
            },
            "type": "library",
            "extra": {
                "branch-alias": {
                    "dev-master": "5.x-dev"
                }
            },
            "autoload": {
                "psr-4": {
                    "Facebook\\": "src/Facebook/"
                }
            },
            "notification-url": "https://packagist.org/downloads/",
            "license": [
                "Facebook Platform"
            ],
            "authors": [
                {
                    "name": "Facebook",
                    "homepage": "https://github.com/facebook/facebook-php-sdk-v4/contributors"
                }
            ],
            "description": "Facebook SDK for PHP",
            "homepage": "https://github.com/facebook/facebook-php-sdk-v4",
            "keywords": [
                "facebook",
                "sdk"
            ],
            "time": "2015-11-19 21:07:36"
        },
        {
            "name": "googleads/googleads-php-lib",
            "version": "7.0.0",
            "source": {
                "type": "git",
                "url": "https://github.com/googleads/googleads-php-lib.git",
                "reference": "daf1a1bfa6bef01317da7860fc59bcfe7635e52e"
            },
            "dist": {
                "type": "zip",
                "url": "https://api.github.com/repos/googleads/googleads-php-lib/zipball/daf1a1bfa6bef01317da7860fc59bcfe7635e52e",
                "reference": "daf1a1bfa6bef01317da7860fc59bcfe7635e52e",
                "shasum": ""
            },
            "require": {
                "php": ">=5.3.0"
            },
            "type": "library",
            "autoload": {
                "classmap": [
                    "src/Google/Api/Ads/AdWords/Lib",
                    "src/Google/Api/Ads/Dfp/Lib"
                ]
            },
            "notification-url": "https://packagist.org/downloads/",
            "include-path": [
                "src/"
            ],
            "license": [
                "Apache-2.0"
            ],
            "authors": [
                {
                    "name": "Vincent Tsao",
                    "role": "Developer"
                }
            ],
            "description": "Google Ads APIs Client Library for PHP (AdWords, Adx, and DFP)",
            "homepage": "https://github.com/googleads/googleads-php-lib",
            "time": "2015-12-24 12:53:14"
        }
    ],
    "packages-dev": [],
    "aliases": [],
    "minimum-stability": "stable",
    "stability-flags": [],
    "prefer-stable": false,
    "prefer-lowest": false,
    "platform": [],
    "platform-dev": []
}
